{
  "version": 4,
  "terraform_version": "1.0.11",
  "serial": 3,
  "lineage": "8232a37c-a5f6-863d-82d8-cc3f76e26b07",
  "outputs": {},
  "resources": [
    {
      "mode": "managed",
      "type": "google_monitoring_alert_policy",
      "name": "alert_policy",
      "provider": "provider[\"registry.terraform.io/hashicorp/google\"]",
      "instances": [
        {
          "schema_version": 0,
          "attributes": {
            "combiner": "OR",
            "conditions": [
              {
                "condition_absent": [],
                "condition_monitoring_query_language": [],
                "condition_threshold": [
                  {
                    "aggregations": [
                      {
                        "alignment_period": "300s",
                        "cross_series_reducer": "",
                        "group_by_fields": null,
                        "per_series_aligner": "ALIGN_RATE"
                      }
                    ],
                    "comparison": "COMPARISON_GT",
                    "denominator_aggregations": [],
                    "denominator_filter": "",
                    "duration": "60s",
                    "filter": "metric.type=\"compute.googleapis.com/instance/cpu/usage_time\" resource.type=\"gce_instance\" resource.label.\"project_id\"=\"test-project-56129\"",
                    "threshold_value": 80,
                    "trigger": [
                      {
                        "count": 1,
                        "percent": 0
                      }
                    ]
                  }
                ],
                "display_name": "test-cpu",
                "name": "projects/test-project-56129/alertPolicies/18180055825876983628/conditions/18180055825876982291"
              }
            ],
            "creation_record": [
              {
                "mutate_time": "2021-12-04T18:46:34.819470482Z",
                "mutated_by": "pulabala.rajesh@gmail.com"
              }
            ],
            "display_name": "cpu-alert-name",
            "documentation": [],
            "enabled": true,
            "id": "projects/test-project-56129/alertPolicies/18180055825876983628",
            "name": "projects/test-project-56129/alertPolicies/18180055825876983628",
            "notification_channels": null,
            "project": "test-project-56129",
            "timeouts": null,
            "user_labels": null
          },
          "sensitive_attributes": [],
          "private": "eyJlMmJmYjczMC1lY2FhLTExZTYtOGY4OC0zNDM2M2JjN2M0YzAiOnsiY3JlYXRlIjoyNDAwMDAwMDAwMDAsImRlbGV0ZSI6MjQwMDAwMDAwMDAwLCJ1cGRhdGUiOjI0MDAwMDAwMDAwMH19"
        }
      ]
    }
  ]
}
